
Microsoft Visual Studio Solution File, Format Version 12.00
# Visual Studio Version 17
VisualStudioVersion = 17.14.36121.58 d17.14
MinimumVisualStudioVersion = 10.0.40219.1
Project("{888888A0-9F3D-457C-B088-3A5042F75D52}") = "NumGuesser", "NumGuesser.pyproj", "{021D3791-EECC-4676-BB1E-219609C37361}"
EndProject
Global
	GlobalSection(SolutionConfigurationPlatforms) = preSolution
		Debug|Any CPU = Debug|Any CPU
		Release|Any CPU = Release|Any CPU
	EndGlobalSection
	GlobalSection(ProjectConfigurationPlatforms) = postSolution
		{021D3791-EECC-4676-BB1E-219609C37361}.Debug|Any CPU.ActiveCfg = Debug|Any CPU
		{021D3791-EECC-4676-BB1E-219609C37361}.Release|Any CPU.ActiveCfg = Release|Any CPU
	EndGlobalSection
	GlobalSection(SolutionProperties) = preSolution
		HideSolutionNode = FALSE
	EndGlobalSection
	GlobalSection(ExtensibilityGlobals) = postSolution
		SolutionGuid = {F0B2E6EF-D626-4263-B8BE-A5EFE4E953FF}
	EndGlobalSection
EndGlobal
